{
  "name": "pedro-assistant",
  "version": "1.0.0",
  "lockfileVersion": 3,
  "requires": true,
  "packages": {
    "": {
      "name": "pedro-assistant",
      "version": "1.0.0",
      "dependencies": {
        "electron": "^28.1.0",
        "three": "^0.158.0"
      },
      "devDependencies": {
        "electron-builder": "^24.9.1",
        "typescript": "^5.3.3"
      }
    }
  }
}
